# This file is @generated by PDM.
# It is not intended for manual editing.

[[package]]
name = "pymysql"
version = "1.1.0"
requires_python = ">=3.7"
summary = "Pure Python MySQL Driver"

[metadata]
lock_version = "4.2"
cross_platform = true
groups = ["default"]
content_hash = "sha256:1a0fdeb7fb66fbc810ff1c9f56b6321170387104d0d90644dbd99dedb51855b0"

[metadata.files]
"pymysql 1.1.0" = [
    {url = "https://files.pythonhosted.org/packages/41/9d/ee68dee1c8821c839bb31e6e5f40e61035a5278f7c1307dde758f0c90452/PyMySQL-1.1.0.tar.gz", hash = "sha256:4f13a7df8bf36a51e81dd9f3605fede45a4878fe02f9236349fd82a3f0612f96"},
    {url = "https://files.pythonhosted.org/packages/e5/30/20467e39523d0cfc2b6227902d3687a16364307260c75e6a1cb4422b0c62/PyMySQL-1.1.0-py3-none-any.whl", hash = "sha256:8969ec6d763c856f7073c4c64662882675702efcb114b4bcbb955aea3a069fa7"},
]
